<?xml version="1.0" encoding="utf-8"?>
<Project ToolsVersion="4.0" xmlns="http://schemas.microsoft.com/developer/msbuild/2003">
  <ItemGroup>
    <Filter Include="source">
      <UniqueIdentifier>{4FC737F1-C7A5-4376-A066-2A32D752A2FF}</UniqueIdentifier>
      <Extensions>cpp;c;cc;cxx;def;odl;idl;hpj;bat;asm;asmx</Extensions>
    </Filter>
    <Filter Include="source\frontend">
      <UniqueIdentifier>{64b0fa75-6845-4c94-82e6-f5f41f439731}</UniqueIdentifier>
    </Filter>
    <Filter Include="source\frontend\parser">
      <UniqueIdentifier>{b2d7a2ab-a6cf-4ee1-92c1-41dd90d17079}</UniqueIdentifier>
    </Filter>
    <Filter Include="source\typecheck">
      <UniqueIdentifier>{ba4212cd-ba9e-4f63-a997-1becace32a82}</UniqueIdentifier>
    </Filter>
    <Filter Include="source\codegen">
      <UniqueIdentifier>{d5252b61-f7a8-4a1d-a35a-5ff585ad990b}</UniqueIdentifier>
    </Filter>
    <Filter Include="source\codegen\glue">
      <UniqueIdentifier>{73886a3b-17d7-4cf5-b22b-01168ae3cfda}</UniqueIdentifier>
    </Filter>
    <Filter Include="source\external">
      <UniqueIdentifier>{64ccb233-6631-41ae-b337-579151776fd2}</UniqueIdentifier>
    </Filter>
    <Filter Include="source\external\utf8rewind">
      <UniqueIdentifier>{3f3f3cc6-6137-4454-9fd0-41923a289bc4}</UniqueIdentifier>
    </Filter>
    <Filter Include="source\external\tinyprocesslib">
      <UniqueIdentifier>{23334233-d44f-4b87-82dd-4eb3c05695e5}</UniqueIdentifier>
    </Filter>
    <Filter Include="source\fir">
      <UniqueIdentifier>{9796ab02-8eda-4961-80af-fa6b5437909e}</UniqueIdentifier>
    </Filter>
    <Filter Include="source\fir\Types">
      <UniqueIdentifier>{94341067-8940-40cc-88c5-01d4521e8afa}</UniqueIdentifier>
    </Filter>
    <Filter Include="source\misc">
      <UniqueIdentifier>{8dbfcdca-1cb6-4851-8032-88f032cc52d2}</UniqueIdentifier>
    </Filter>
    <Filter Include="source\backend">
      <UniqueIdentifier>{12b6bd7a-77a8-4dd2-8f67-7ed63aa89d44}</UniqueIdentifier>
    </Filter>
    <Filter Include="source\backend\llvm">
      <UniqueIdentifier>{59048ab3-45d9-4749-a87d-3c1970c0f891}</UniqueIdentifier>
    </Filter>
    <Filter Include="include">
      <UniqueIdentifier>{afb7c52c-bc10-43f3-8e62-a9819119c509}</UniqueIdentifier>
    </Filter>
    <Filter Include="include\ir">
      <UniqueIdentifier>{8c36bad7-6a56-4cd6-9404-cb1891f795b3}</UniqueIdentifier>
    </Filter>
    <Filter Include="source\external\utf8rewind\include">
      <UniqueIdentifier>{e10151e6-818c-4425-b35a-bb74aff8e884}</UniqueIdentifier>
    </Filter>
    <Filter Include="source\external\tinyformat">
      <UniqueIdentifier>{894feebd-56e8-4076-9798-bc98673674ee}</UniqueIdentifier>
    </Filter>
    <Filter Include="source\external\mpreal">
      <UniqueIdentifier>{d8411fa5-bc1e-47a9-b4b7-5f7dcecf30e6}</UniqueIdentifier>
    </Filter>
    <Filter Include="build">
      <UniqueIdentifier>{7c999564-ba54-46ec-b1cb-3e9c046ea237}</UniqueIdentifier>
    </Filter>
  </ItemGroup>
  <ItemGroup>
    <ClCompile Include="source\**\*.cpp">
      <Filter>source</Filter>
    </ClCompile>
    <ClCompile Include="source\**\*.cpp">
      <Filter>source</Filter>
    </ClCompile>
    <ClCompile Include="source\**\*.cpp">
      <Filter>source</Filter>
    </ClCompile>
    <ClCompile Include="source\**\*.cpp">
      <Filter>source</Filter>
    </ClCompile>
    <ClCompile Include="source\**\*.cpp">
      <Filter>source</Filter>
    </ClCompile>
    <ClCompile Include="source\**\*.cpp">
      <Filter>source</Filter>
    </ClCompile>
    <ClCompile Include="source\**\*.cpp">
      <Filter>source</Filter>
    </ClCompile>
    <ClCompile Include="source\**\*.cpp">
      <Filter>source</Filter>
    </ClCompile>
    <ClCompile Include="source\**\*.cpp">
      <Filter>source</Filter>
    </ClCompile>
    <ClCompile Include="source\**\*.cpp">
      <Filter>source</Filter>
    </ClCompile>
    <ClCompile Include="source\**\*.cpp">
      <Filter>source</Filter>
    </ClCompile>
    <ClCompile Include="source\**\*.cpp">
      <Filter>source</Filter>
    </ClCompile>
    <ClCompile Include="source\**\*.cpp">
      <Filter>source</Filter>
    </ClCompile>
    <ClCompile Include="source\**\*.cpp">
      <Filter>source</Filter>
    </ClCompile>
    <ClCompile Include="source\**\*.cpp">
      <Filter>source</Filter>
    </ClCompile>
    <ClCompile Include="source\**\*.cpp">
      <Filter>source</Filter>
    </ClCompile>
    <ClCompile Include="source\**\*.cpp">
      <Filter>source</Filter>
    </ClCompile>
    <ClCompile Include="source\**\*.cpp">
      <Filter>source</Filter>
    </ClCompile>
    <ClCompile Include="source\**\*.cpp">
      <Filter>source</Filter>
    </ClCompile>
    <ClCompile Include="source\**\*.cpp">
      <Filter>source</Filter>
    </ClCompile>
    <ClCompile Include="source\**\*.cpp">
      <Filter>source</Filter>
    </ClCompile>
    <ClCompile Include="source\**\*.cpp">
      <Filter>source</Filter>
    </ClCompile>
    <ClCompile Include="source\**\*.cpp">
      <Filter>source</Filter>
    </ClCompile>
    <ClCompile Include="source\**\*.cpp">
      <Filter>source</Filter>
    </ClCompile>
    <ClCompile Include="source\**\*.cpp">
      <Filter>source</Filter>
    </ClCompile>
    <ClCompile Include="source\**\*.cpp">
      <Filter>source</Filter>
    </ClCompile>
    <ClCompile Include="source\**\*.cpp">
      <Filter>source</Filter>
    </ClCompile>
    <ClCompile Include="source\**\*.cpp">
      <Filter>source</Filter>
    </ClCompile>
    <ClCompile Include="source\**\*.cpp">
      <Filter>source</Filter>
    </ClCompile>
    <ClCompile Include="source\**\*.cpp">
      <Filter>source</Filter>
    </ClCompile>
    <ClCompile Include="source\**\*.cpp">
      <Filter>source</Filter>
    </ClCompile>
    <ClCompile Include="source\**\*.cpp">
      <Filter>source</Filter>
    </ClCompile>
    <ClCompile Include="source\**\*.cpp">
      <Filter>source</Filter>
    </ClCompile>
    <ClCompile Include="source\**\*.cpp">
      <Filter>source</Filter>
    </ClCompile>
    <ClCompile Include="source\**\*.cpp">
      <Filter>source</Filter>
    </ClCompile>
    <ClCompile Include="source\**\*.cpp">
      <Filter>source</Filter>
    </ClCompile>
    <ClCompile Include="source\**\*.cpp">
      <Filter>source</Filter>
    </ClCompile>
    <ClCompile Include="source\**\*.cpp">
      <Filter>source</Filter>
    </ClCompile>
    <ClCompile Include="source\**\*.cpp">
      <Filter>source</Filter>
    </ClCompile>
    <ClCompile Include="source\**\*.cpp">
      <Filter>source</Filter>
    </ClCompile>
    <ClCompile Include="source\**\*.cpp">
      <Filter>source</Filter>
    </ClCompile>
    <ClCompile Include="source\**\*.cpp">
      <Filter>source</Filter>
    </ClCompile>
    <ClCompile Include="source\**\*.cpp">
      <Filter>source</Filter>
    </ClCompile>
    <ClCompile Include="source\**\*.cpp">
      <Filter>source</Filter>
    </ClCompile>
    <ClCompile Include="source\**\*.cpp">
      <Filter>source</Filter>
    </ClCompile>
    <ClCompile Include="source\**\*.cpp">
      <Filter>source</Filter>
    </ClCompile>
    <ClCompile Include="source\**\*.cpp">
      <Filter>source</Filter>
    </ClCompile>
    <ClCompile Include="source\**\*.cpp">
      <Filter>source</Filter>
    </ClCompile>
    <ClCompile Include="source\**\*.cpp">
      <Filter>source</Filter>
    </ClCompile>
    <ClCompile Include="source\**\*.cpp">
      <Filter>source</Filter>
    </ClCompile>
    <ClCompile Include="source\**\*.cpp">
      <Filter>source</Filter>
    </ClCompile>
    <ClCompile Include="source\**\*.cpp">
      <Filter>source</Filter>
    </ClCompile>
    <ClCompile Include="source\**\*.cpp">
      <Filter>source</Filter>
    </ClCompile>
    <ClCompile Include="source\**\*.cpp">
      <Filter>source</Filter>
    </ClCompile>
    <ClCompile Include="source\**\*.cpp">
      <Filter>source</Filter>
    </ClCompile>
    <ClCompile Include="source\**\*.cpp">
      <Filter>source</Filter>
    </ClCompile>
    <ClCompile Include="source\**\*.cpp">
      <Filter>source</Filter>
    </ClCompile>
    <ClCompile Include="source\**\*.cpp">
      <Filter>source</Filter>
    </ClCompile>
    <ClCompile Include="source\**\*.cpp">
      <Filter>source</Filter>
    </ClCompile>
    <ClCompile Include="source\**\*.cpp">
      <Filter>source</Filter>
    </ClCompile>
    <ClCompile Include="source\**\*.cpp">
      <Filter>source</Filter>
    </ClCompile>
    <ClCompile Include="source\**\*.cpp">
      <Filter>source</Filter>
    </ClCompile>
    <ClCompile Include="source\**\*.cpp">
      <Filter>source</Filter>
    </ClCompile>
    <ClCompile Include="source\**\*.cpp">
      <Filter>source</Filter>
    </ClCompile>
    <ClCompile Include="source\**\*.cpp">
      <Filter>source</Filter>
    </ClCompile>
    <ClCompile Include="source\**\*.cpp">
      <Filter>source</Filter>
    </ClCompile>
    <ClCompile Include="source\**\*.cpp">
      <Filter>source</Filter>
    </ClCompile>
    <ClCompile Include="source\**\*.cpp">
      <Filter>source</Filter>
    </ClCompile>
    <ClCompile Include="source\**\*.cpp">
      <Filter>source</Filter>
    </ClCompile>
    <ClCompile Include="source\**\*.cpp">
      <Filter>source</Filter>
    </ClCompile>
    <ClCompile Include="source\**\*.cpp">
      <Filter>source</Filter>
    </ClCompile>
    <ClCompile Include="source\**\*.cpp">
      <Filter>source</Filter>
    </ClCompile>
    <ClCompile Include="source\**\*.cpp">
      <Filter>source</Filter>
    </ClCompile>
    <ClCompile Include="source\**\*.cpp">
      <Filter>source</Filter>
    </ClCompile>
    <ClCompile Include="source\**\*.cpp">
      <Filter>source</Filter>
    </ClCompile>
    <ClCompile Include="source\**\*.cpp">
      <Filter>source</Filter>
    </ClCompile>
    <ClCompile Include="source\**\*.cpp">
      <Filter>source</Filter>
    </ClCompile>
    <ClCompile Include="source\**\*.cpp">
      <Filter>source</Filter>
    </ClCompile>
    <ClCompile Include="source\**\*.cpp">
      <Filter>source</Filter>
    </ClCompile>
    <ClCompile Include="source\**\*.cpp">
      <Filter>source</Filter>
    </ClCompile>
    <ClCompile Include="source\**\*.cpp">
      <Filter>source</Filter>
    </ClCompile>
    <ClCompile Include="source\**\*.cpp">
      <Filter>source</Filter>
    </ClCompile>
    <ClCompile Include="source\**\*.cpp">
      <Filter>source</Filter>
    </ClCompile>
    <ClCompile Include="source\**\*.cpp">
      <Filter>source</Filter>
    </ClCompile>
    <ClCompile Include="source\**\*.cpp">
      <Filter>source</Filter>
    </ClCompile>
    <ClCompile Include="source\**\*.cpp">
      <Filter>source</Filter>
    </ClCompile>
    <ClCompile Include="source\**\*.cpp">
      <Filter>source</Filter>
    </ClCompile>
    <ClCompile Include="source\**\*.cpp">
      <Filter>source</Filter>
    </ClCompile>
    <ClCompile Include="source\**\*.cpp">
      <Filter>source</Filter>
    </ClCompile>
    <ClCompile Include="source\**\*.cpp">
      <Filter>source</Filter>
    </ClCompile>
    <ClCompile Include="source\**\*.cpp">
      <Filter>source</Filter>
    </ClCompile>
    <ClCompile Include="source\**\*.cpp">
      <Filter>source</Filter>
    </ClCompile>
    <ClCompile Include="source\**\*.c">
      <Filter>source</Filter>
    </ClCompile>
    <ClCompile Include="source\**\*.c">
      <Filter>source</Filter>
    </ClCompile>
    <ClCompile Include="source\**\*.c">
      <Filter>source</Filter>
    </ClCompile>
    <ClCompile Include="source\**\*.c">
      <Filter>source</Filter>
    </ClCompile>
    <ClCompile Include="source\**\*.c">
      <Filter>source</Filter>
    </ClCompile>
    <ClCompile Include="source\**\*.c">
      <Filter>source</Filter>
    </ClCompile>
    <ClCompile Include="source\**\*.c">
      <Filter>source</Filter>
    </ClCompile>
    <ClCompile Include="source\**\*.c">
      <Filter>source</Filter>
    </ClCompile>
    <ClCompile Include="source\**\*.c">
      <Filter>source</Filter>
    </ClCompile>
    <ClCompile Include="source\**\*.cpp">
      <Filter>source</Filter>
    </ClCompile>
    <ClCompile Include="source\**\*.cpp">
      <Filter>source</Filter>
    </ClCompile>
    <ClCompile Include="source\**\*.cpp">
      <Filter>source</Filter>
    </ClCompile>
    <ClCompile Include="source\**\*.cpp">
      <Filter>source</Filter>
    </ClCompile>
    <ClCompile Include="source\**\*.cpp">
      <Filter>source</Filter>
    </ClCompile>
    <ClCompile Include="source\**\*.cpp">
      <Filter>source</Filter>
    </ClCompile>
    <ClCompile Include="source\**\*.cpp">
      <Filter>source</Filter>
    </ClCompile>
    <ClCompile Include="source\**\*.cpp">
      <Filter>source</Filter>
    </ClCompile>
    <ClCompile Include="source\**\*.cpp">
      <Filter>source</Filter>
    </ClCompile>
    <ClCompile Include="source\**\*.cpp">
      <Filter>source</Filter>
    </ClCompile>
    <ClCompile Include="source\**\*.cpp">
      <Filter>source</Filter>
    </ClCompile>
    <ClCompile Include="source\**\*.cpp">
      <Filter>source</Filter>
    </ClCompile>
    <ClCompile Include="source\**\*.cpp">
      <Filter>source</Filter>
    </ClCompile>
    <ClCompile Include="source\**\*.cpp">
      <Filter>source</Filter>
    </ClCompile>
    <ClCompile Include="source\**\*.cpp">
      <Filter>source</Filter>
    </ClCompile>
    <ClCompile Include="source\**\*.cpp">
      <Filter>source</Filter>
    </ClCompile>
    <ClCompile Include="source\**\*.cpp">
      <Filter>source</Filter>
    </ClCompile>
    <ClCompile Include="source\**\*.cpp">
      <Filter>source</Filter>
    </ClCompile>
    <ClCompile Include="source\**\*.cpp">
      <Filter>source</Filter>
    </ClCompile>
    <ClCompile Include="source\**\*.cpp">
      <Filter>source</Filter>
    </ClCompile>
    <ClCompile Include="source\**\*.cpp">
      <Filter>source</Filter>
    </ClCompile>
    <ClCompile Include="source\**\*.cpp">
      <Filter>source</Filter>
    </ClCompile>
    <ClCompile Include="source\**\*.cpp">
      <Filter>source</Filter>
    </ClCompile>
    <ClCompile Include="source\**\*.cpp">
      <Filter>source</Filter>
    </ClCompile>
    <ClCompile Include="source\**\*.cpp">
      <Filter>source</Filter>
    </ClCompile>
    <ClCompile Include="source\**\*.cpp">
      <Filter>source</Filter>
    </ClCompile>
    <ClCompile Include="source\**\*.cpp">
      <Filter>source</Filter>
    </ClCompile>
    <ClCompile Include="source\**\*.cpp">
      <Filter>source</Filter>
    </ClCompile>
    <ClCompile Include="source\**\*.cpp">
      <Filter>source</Filter>
    </ClCompile>
    <ClCompile Include="source\**\*.cpp">
      <Filter>source</Filter>
    </ClCompile>
    <ClCompile Include="source\**\*.cpp">
      <Filter>source</Filter>
    </ClCompile>
    <ClCompile Include="source\**\*.cpp">
      <Filter>source</Filter>
    </ClCompile>
    <ClCompile Include="source\**\*.cpp">
      <Filter>source</Filter>
    </ClCompile>
    <ClCompile Include="source\**\*.cpp">
      <Filter>source</Filter>
    </ClCompile>
    <ClCompile Include="source\**\*.cpp">
      <Filter>source</Filter>
    </ClCompile>
    <ClCompile Include="source\**\*.cpp">
      <Filter>source</Filter>
    </ClCompile>
    <ClCompile Include="source\**\*.cpp">
      <Filter>source</Filter>
    </ClCompile>
    <ClCompile Include="source\**\*.cpp">
      <Filter>source</Filter>
    </ClCompile>
    <ClCompile Include="source\**\*.cpp">
      <Filter>source</Filter>
    </ClCompile>
    <ClCompile Include="source\**\*.cpp">
      <Filter>source</Filter>
    </ClCompile>
    <ClCompile Include="source\**\*.cpp">
      <Filter>source</Filter>
    </ClCompile>
    <ClCompile Include="source\**\*.cpp">
      <Filter>source</Filter>
    </ClCompile>
    <ClCompile Include="source\**\*.cpp">
      <Filter>source</Filter>
    </ClCompile>
    <ClCompile Include="source\**\*.cpp">
      <Filter>source</Filter>
    </ClCompile>
    <ClCompile Include="source\**\*.cpp">
      <Filter>source</Filter>
    </ClCompile>
    <ClCompile Include="source\**\*.cpp">
      <Filter>source</Filter>
    </ClCompile>
    <ClCompile Include="source\**\*.cpp">
      <Filter>source</Filter>
    </ClCompile>
    <ClCompile Include="source\**\*.cpp">
      <Filter>source</Filter>
    </ClCompile>
    <ClCompile Include="source\**\*.cpp">
      <Filter>source</Filter>
    </ClCompile>
    <ClCompile Include="source\**\*.cpp">
      <Filter>source</Filter>
    </ClCompile>
    <ClCompile Include="source\**\*.cpp">
      <Filter>source</Filter>
    </ClCompile>
    <ClCompile Include="source\**\*.cpp">
      <Filter>source</Filter>
    </ClCompile>
    <ClCompile Include="source\**\*.cpp">
      <Filter>source</Filter>
    </ClCompile>
    <ClCompile Include="source\**\*.cpp">
      <Filter>source</Filter>
    </ClCompile>
    <ClCompile Include="source\**\*.cpp">
      <Filter>source</Filter>
    </ClCompile>
    <ClCompile Include="source\**\*.cpp">
      <Filter>source</Filter>
    </ClCompile>
    <ClCompile Include="source\**\*.cpp">
      <Filter>source</Filter>
    </ClCompile>
    <ClCompile Include="source\**\*.cpp">
      <Filter>source</Filter>
    </ClCompile>
    <ClCompile Include="source\**\*.cpp">
      <Filter>source</Filter>
    </ClCompile>
    <ClCompile Include="source\**\*.cpp">
      <Filter>source</Filter>
    </ClCompile>
    <ClCompile Include="source\**\*.cpp">
      <Filter>source</Filter>
    </ClCompile>
    <ClCompile Include="source\**\*.cpp">
      <Filter>source</Filter>
    </ClCompile>
    <ClCompile Include="source\**\*.cpp">
      <Filter>source</Filter>
    </ClCompile>
    <ClCompile Include="source\**\*.cpp">
      <Filter>source</Filter>
    </ClCompile>
    <ClCompile Include="source\**\*.cpp">
      <Filter>source</Filter>
    </ClCompile>
    <ClCompile Include="source\**\*.cpp">
      <Filter>source</Filter>
    </ClCompile>
    <ClCompile Include="source\**\*.cpp">
      <Filter>source</Filter>
    </ClCompile>
    <ClCompile Include="source\**\*.cpp">
      <Filter>source</Filter>
    </ClCompile>
    <ClCompile Include="source\**\*.cpp">
      <Filter>source</Filter>
    </ClCompile>
    <ClCompile Include="source\**\*.cpp">
      <Filter>source</Filter>
    </ClCompile>
    <ClCompile Include="source\**\*.cpp">
      <Filter>source</Filter>
    </ClCompile>
    <ClCompile Include="source\**\*.cpp">
      <Filter>source</Filter>
    </ClCompile>
    <ClCompile Include="source\**\*.cpp">
      <Filter>source</Filter>
    </ClCompile>
    <ClCompile Include="source\**\*.cpp">
      <Filter>source</Filter>
    </ClCompile>
    <ClCompile Include="source\**\*.cpp">
      <Filter>source</Filter>
    </ClCompile>
    <ClCompile Include="source\**\*.cpp">
      <Filter>source</Filter>
    </ClCompile>
    <ClCompile Include="source\**\*.cpp">
      <Filter>source</Filter>
    </ClCompile>
    <ClCompile Include="source\**\*.cpp">
      <Filter>source</Filter>
    </ClCompile>
    <ClCompile Include="source\**\*.cpp">
      <Filter>source</Filter>
    </ClCompile>
    <ClCompile Include="source\**\*.cpp">
      <Filter>source</Filter>
    </ClCompile>
    <ClCompile Include="source\**\*.cpp">
      <Filter>source</Filter>
    </ClCompile>
    <ClCompile Include="source\**\*.cpp">
      <Filter>source</Filter>
    </ClCompile>
    <ClCompile Include="source\**\*.cpp">
      <Filter>source</Filter>
    </ClCompile>
    <ClCompile Include="source\**\*.cpp">
      <Filter>source</Filter>
    </ClCompile>
    <ClCompile Include="source\**\*.cpp">
      <Filter>source</Filter>
    </ClCompile>
    <ClCompile Include="source\**\*.cpp">
      <Filter>source</Filter>
    </ClCompile>
    <ClCompile Include="source\**\*.cpp">
      <Filter>source</Filter>
    </ClCompile>
    <ClCompile Include="source\**\*.cpp">
      <Filter>source</Filter>
    </ClCompile>
    <ClCompile Include="source\**\*.cpp">
      <Filter>source</Filter>
    </ClCompile>
    <ClCompile Include="source\**\*.cpp">
      <Filter>source</Filter>
    </ClCompile>
    <ClCompile Include="source\**\*.cpp">
      <Filter>source</Filter>
    </ClCompile>
    <ClCompile Include="source\**\*.c">
      <Filter>source</Filter>
    </ClCompile>
    <ClCompile Include="source\**\*.c">
      <Filter>source</Filter>
    </ClCompile>
    <ClCompile Include="source\**\*.c">
      <Filter>source</Filter>
    </ClCompile>
    <ClCompile Include="source\**\*.c">
      <Filter>source</Filter>
    </ClCompile>
    <ClCompile Include="source\**\*.c">
      <Filter>source</Filter>
    </ClCompile>
    <ClCompile Include="source\**\*.c">
      <Filter>source</Filter>
    </ClCompile>
    <ClCompile Include="source\**\*.c">
      <Filter>source</Filter>
    </ClCompile>
    <ClCompile Include="source\**\*.c">
      <Filter>source</Filter>
    </ClCompile>
    <ClCompile Include="source\**\*.cpp">
      <Filter>source</Filter>
    </ClCompile>
    <ClCompile Include="source\**\*.cpp">
      <Filter>source</Filter>
    </ClCompile>
    <ClCompile Include="source\**\*.cpp">
      <Filter>source</Filter>
    </ClCompile>
    <ClCompile Include="source\**\*.cpp">
      <Filter>source</Filter>
    </ClCompile>
    <ClCompile Include="source\**\*.cpp">
      <Filter>source</Filter>
    </ClCompile>
    <ClCompile Include="source\**\*.cpp">
      <Filter>source</Filter>
    </ClCompile>
    <ClCompile Include="source\**\*.cpp">
      <Filter>source</Filter>
    </ClCompile>
    <ClCompile Include="source\**\*.cpp">
      <Filter>source</Filter>
    </ClCompile>
    <ClCompile Include="source\**\*.cpp">
      <Filter>source</Filter>
    </ClCompile>
    <ClCompile Include="source\**\*.cpp">
      <Filter>source</Filter>
    </ClCompile>
    <ClCompile Include="source\**\*.cpp">
      <Filter>source</Filter>
    </ClCompile>
    <ClCompile Include="source\**\*.cpp">
      <Filter>source</Filter>
    </ClCompile>
    <ClCompile Include="source\**\*.cpp">
      <Filter>source</Filter>
    </ClCompile>
    <ClCompile Include="source\**\*.cpp">
      <Filter>source</Filter>
    </ClCompile>
    <ClCompile Include="source\**\*.cpp">
      <Filter>source</Filter>
    </ClCompile>
    <ClCompile Include="source\**\*.cpp">
      <Filter>source</Filter>
    </ClCompile>
    <ClCompile Include="source\**\*.cpp">
      <Filter>source</Filter>
    </ClCompile>
    <ClCompile Include="source\**\*.cpp">
      <Filter>source</Filter>
    </ClCompile>
    <ClCompile Include="source\**\*.cpp">
      <Filter>source</Filter>
    </ClCompile>
    <ClCompile Include="source\**\*.cpp">
      <Filter>source</Filter>
    </ClCompile>
    <ClCompile Include="source\**\*.cpp">
      <Filter>source</Filter>
    </ClCompile>
    <ClCompile Include="source\**\*.cpp">
      <Filter>source</Filter>
    </ClCompile>
    <ClCompile Include="source\**\*.cpp">
      <Filter>source</Filter>
    </ClCompile>
    <ClCompile Include="source\**\*.cpp">
      <Filter>source</Filter>
    </ClCompile>
    <ClCompile Include="source\**\*.cpp">
      <Filter>source</Filter>
    </ClCompile>
    <ClCompile Include="source\**\*.cpp">
      <Filter>source</Filter>
    </ClCompile>
    <ClCompile Include="source\**\*.cpp">
      <Filter>source</Filter>
    </ClCompile>
    <ClCompile Include="source\**\*.cpp">
      <Filter>source</Filter>
    </ClCompile>
    <ClCompile Include="source\**\*.cpp">
      <Filter>source</Filter>
    </ClCompile>
    <ClCompile Include="source\**\*.cpp">
      <Filter>source</Filter>
    </ClCompile>
    <ClCompile Include="source\**\*.cpp">
      <Filter>source</Filter>
    </ClCompile>
    <ClCompile Include="source\**\*.cpp">
      <Filter>source</Filter>
    </ClCompile>
    <ClCompile Include="source\**\*.cpp">
      <Filter>source</Filter>
    </ClCompile>
    <ClCompile Include="source\**\*.cpp">
      <Filter>source</Filter>
    </ClCompile>
    <ClCompile Include="source\**\*.cpp">
      <Filter>source</Filter>
    </ClCompile>
    <ClCompile Include="source\**\*.cpp">
      <Filter>source</Filter>
    </ClCompile>
    <ClCompile Include="source\**\*.cpp">
      <Filter>source</Filter>
    </ClCompile>
    <ClCompile Include="source\**\*.cpp">
      <Filter>source</Filter>
    </ClCompile>
    <ClCompile Include="source\**\*.cpp">
      <Filter>source</Filter>
    </ClCompile>
    <ClCompile Include="source\**\*.cpp">
      <Filter>source</Filter>
    </ClCompile>
    <ClCompile Include="source\**\*.cpp">
      <Filter>source</Filter>
    </ClCompile>
    <ClCompile Include="source\**\*.cpp">
      <Filter>source</Filter>
    </ClCompile>
    <ClCompile Include="source\**\*.cpp">
      <Filter>source</Filter>
    </ClCompile>
    <ClCompile Include="source\**\*.cpp">
      <Filter>source</Filter>
    </ClCompile>
    <ClCompile Include="source\**\*.cpp">
      <Filter>source</Filter>
    </ClCompile>
    <ClCompile Include="source\**\*.cpp">
      <Filter>source</Filter>
    </ClCompile>
    <ClCompile Include="source\**\*.cpp">
      <Filter>source</Filter>
    </ClCompile>
    <ClCompile Include="source\**\*.cpp">
      <Filter>source</Filter>
    </ClCompile>
    <ClCompile Include="source\**\*.cpp">
      <Filter>source</Filter>
    </ClCompile>
    <ClCompile Include="source\**\*.cpp">
      <Filter>source</Filter>
    </ClCompile>
    <ClCompile Include="source\**\*.cpp">
      <Filter>source</Filter>
    </ClCompile>
    <ClCompile Include="source\**\*.cpp">
      <Filter>source</Filter>
    </ClCompile>
    <ClCompile Include="source\**\*.cpp">
      <Filter>source</Filter>
    </ClCompile>
    <ClCompile Include="source\**\*.cpp">
      <Filter>source</Filter>
    </ClCompile>
    <ClCompile Include="source\**\*.cpp">
      <Filter>source</Filter>
    </ClCompile>
    <ClCompile Include="source\**\*.cpp">
      <Filter>source</Filter>
    </ClCompile>
    <ClCompile Include="source\**\*.cpp">
      <Filter>source</Filter>
    </ClCompile>
    <ClCompile Include="source\**\*.cpp">
      <Filter>source</Filter>
    </ClCompile>
    <ClCompile Include="source\**\*.cpp">
      <Filter>source</Filter>
    </ClCompile>
    <ClCompile Include="source\**\*.cpp">
      <Filter>source</Filter>
    </ClCompile>
    <ClCompile Include="source\**\*.cpp">
      <Filter>source</Filter>
    </ClCompile>
    <ClCompile Include="source\**\*.cpp">
      <Filter>source</Filter>
    </ClCompile>
    <ClCompile Include="source\**\*.cpp">
      <Filter>source</Filter>
    </ClCompile>
    <ClCompile Include="source\**\*.cpp">
      <Filter>source</Filter>
    </ClCompile>
    <ClCompile Include="source\**\*.cpp">
      <Filter>source</Filter>
    </ClCompile>
    <ClCompile Include="source\**\*.cpp">
      <Filter>source</Filter>
    </ClCompile>
    <ClCompile Include="source\**\*.cpp">
      <Filter>source</Filter>
    </ClCompile>
    <ClCompile Include="source\**\*.cpp">
      <Filter>source</Filter>
    </ClCompile>
    <ClCompile Include="source\**\*.cpp">
      <Filter>source</Filter>
    </ClCompile>
    <ClCompile Include="source\**\*.cpp">
      <Filter>source</Filter>
    </ClCompile>
    <ClCompile Include="source\**\*.cpp">
      <Filter>source</Filter>
    </ClCompile>
    <ClCompile Include="source\**\*.cpp">
      <Filter>source</Filter>
    </ClCompile>
    <ClCompile Include="source\**\*.cpp">
      <Filter>source</Filter>
    </ClCompile>
    <ClCompile Include="source\**\*.cpp">
      <Filter>source</Filter>
    </ClCompile>
    <ClCompile Include="source\**\*.cpp">
      <Filter>source</Filter>
    </ClCompile>
    <ClCompile Include="source\**\*.cpp">
      <Filter>source</Filter>
    </ClCompile>
    <ClCompile Include="source\**\*.cpp">
      <Filter>source</Filter>
    </ClCompile>
    <ClCompile Include="source\**\*.cpp">
      <Filter>source</Filter>
    </ClCompile>
    <ClCompile Include="source\**\*.cpp">
      <Filter>source</Filter>
    </ClCompile>
    <ClCompile Include="source\**\*.cpp">
      <Filter>source</Filter>
    </ClCompile>
    <ClCompile Include="source\**\*.cpp">
      <Filter>source</Filter>
    </ClCompile>
    <ClCompile Include="source\**\*.cpp">
      <Filter>source</Filter>
    </ClCompile>
    <ClCompile Include="source\**\*.cpp">
      <Filter>source</Filter>
    </ClCompile>
    <ClCompile Include="source\**\*.cpp">
      <Filter>source</Filter>
    </ClCompile>
    <ClCompile Include="source\**\*.cpp">
      <Filter>source</Filter>
    </ClCompile>
    <ClCompile Include="source\**\*.cpp">
      <Filter>source</Filter>
    </ClCompile>
    <ClCompile Include="source\**\*.cpp">
      <Filter>source</Filter>
    </ClCompile>
    <ClCompile Include="source\**\*.cpp">
      <Filter>source</Filter>
    </ClCompile>
    <ClCompile Include="source\**\*.cpp">
      <Filter>source</Filter>
    </ClCompile>
    <ClCompile Include="source\**\*.cpp">
      <Filter>source</Filter>
    </ClCompile>
    <ClCompile Include="source\**\*.cpp">
      <Filter>source</Filter>
    </ClCompile>
    <ClCompile Include="source\**\*.cpp">
      <Filter>source</Filter>
    </ClCompile>
    <ClCompile Include="source\**\*.cpp">
      <Filter>source</Filter>
    </ClCompile>
    <ClCompile Include="source\**\*.cpp">
      <Filter>source</Filter>
    </ClCompile>
    <ClCompile Include="source\**\*.cpp">
      <Filter>source</Filter>
    </ClCompile>
    <ClCompile Include="source\**\*.c">
      <Filter>source</Filter>
    </ClCompile>
    <ClCompile Include="source\**\*.c">
      <Filter>source</Filter>
    </ClCompile>
    <ClCompile Include="source\**\*.c">
      <Filter>source</Filter>
    </ClCompile>
    <ClCompile Include="source\**\*.c">
      <Filter>source</Filter>
    </ClCompile>
    <ClCompile Include="source\**\*.c">
      <Filter>source</Filter>
    </ClCompile>
    <ClCompile Include="source\**\*.c">
      <Filter>source</Filter>
    </ClCompile>
    <ClCompile Include="source\**\*.c">
      <Filter>source</Filter>
    </ClCompile>
    <ClCompile Include="source\**\*.c">
      <Filter>source</Filter>
    </ClCompile>
    <ClCompile Include="source\**\*.cpp">
      <Filter>source</Filter>
    </ClCompile>
    <ClCompile Include="source\**\*.cpp">
      <Filter>source</Filter>
    </ClCompile>
    <ClCompile Include="source\**\*.cpp">
      <Filter>source</Filter>
    </ClCompile>
    <ClCompile Include="source\**\*.cpp">
      <Filter>source</Filter>
    </ClCompile>
    <ClCompile Include="source\**\*.cpp">
      <Filter>source</Filter>
    </ClCompile>
    <ClCompile Include="source\**\*.cpp">
      <Filter>source</Filter>
    </ClCompile>
    <ClCompile Include="source\**\*.cpp">
      <Filter>source</Filter>
    </ClCompile>
    <ClCompile Include="source\**\*.cpp">
      <Filter>source</Filter>
    </ClCompile>
    <ClCompile Include="source\**\*.cpp">
      <Filter>source</Filter>
    </ClCompile>
    <ClCompile Include="source\**\*.cpp">
      <Filter>source</Filter>
    </ClCompile>
    <ClCompile Include="source\**\*.cpp">
      <Filter>source</Filter>
    </ClCompile>
    <ClCompile Include="source\**\*.cpp">
      <Filter>source</Filter>
    </ClCompile>
    <ClCompile Include="source\**\*.cpp">
      <Filter>source</Filter>
    </ClCompile>
    <ClCompile Include="source\**\*.cpp">
      <Filter>source</Filter>
    </ClCompile>
    <ClCompile Include="source\**\*.cpp">
      <Filter>source</Filter>
    </ClCompile>
    <ClCompile Include="source\**\*.cpp">
      <Filter>source</Filter>
    </ClCompile>
    <ClCompile Include="source\**\*.cpp">
      <Filter>source</Filter>
    </ClCompile>
    <ClCompile Include="source\**\*.cpp">
      <Filter>source</Filter>
    </ClCompile>
    <ClCompile Include="source\**\*.cpp">
      <Filter>source</Filter>
    </ClCompile>
    <ClCompile Include="source\**\*.cpp">
      <Filter>source</Filter>
    </ClCompile>
    <ClCompile Include="source\**\*.cpp">
      <Filter>source</Filter>
    </ClCompile>
    <ClCompile Include="source\**\*.cpp">
      <Filter>source</Filter>
    </ClCompile>
    <ClCompile Include="source\**\*.cpp">
      <Filter>source</Filter>
    </ClCompile>
    <ClCompile Include="source\**\*.cpp">
      <Filter>source</Filter>
    </ClCompile>
    <ClCompile Include="source\**\*.cpp">
      <Filter>source</Filter>
    </ClCompile>
    <ClCompile Include="source\**\*.cpp">
      <Filter>source</Filter>
    </ClCompile>
    <ClCompile Include="source\**\*.cpp">
      <Filter>source</Filter>
    </ClCompile>
    <ClCompile Include="source\**\*.cpp">
      <Filter>source</Filter>
    </ClCompile>
    <ClCompile Include="source\**\*.cpp">
      <Filter>source</Filter>
    </ClCompile>
    <ClCompile Include="source\**\*.cpp">
      <Filter>source</Filter>
    </ClCompile>
    <ClCompile Include="source\**\*.cpp">
      <Filter>source</Filter>
    </ClCompile>
    <ClCompile Include="source\**\*.cpp">
      <Filter>source</Filter>
    </ClCompile>
    <ClCompile Include="source\**\*.cpp">
      <Filter>source</Filter>
    </ClCompile>
    <ClCompile Include="source\**\*.cpp">
      <Filter>source</Filter>
    </ClCompile>
    <ClCompile Include="source\**\*.cpp">
      <Filter>source</Filter>
    </ClCompile>
    <ClCompile Include="source\**\*.cpp">
      <Filter>source</Filter>
    </ClCompile>
    <ClCompile Include="source\**\*.cpp">
      <Filter>source</Filter>
    </ClCompile>
    <ClCompile Include="source\**\*.cpp">
      <Filter>source</Filter>
    </ClCompile>
    <ClCompile Include="source\**\*.cpp">
      <Filter>source</Filter>
    </ClCompile>
    <ClCompile Include="source\**\*.cpp">
      <Filter>source</Filter>
    </ClCompile>
    <ClCompile Include="source\**\*.cpp">
      <Filter>source</Filter>
    </ClCompile>
    <ClCompile Include="source\**\*.cpp">
      <Filter>source</Filter>
    </ClCompile>
    <ClCompile Include="source\**\*.cpp">
      <Filter>source</Filter>
    </ClCompile>
    <ClCompile Include="source\**\*.cpp">
      <Filter>source</Filter>
    </ClCompile>
    <ClCompile Include="source\**\*.cpp">
      <Filter>source</Filter>
    </ClCompile>
    <ClCompile Include="source\**\*.cpp">
      <Filter>source</Filter>
    </ClCompile>
    <ClCompile Include="source\**\*.cpp">
      <Filter>source</Filter>
    </ClCompile>
    <ClCompile Include="source\**\*.cpp">
      <Filter>source</Filter>
    </ClCompile>
    <ClCompile Include="source\**\*.cpp">
      <Filter>source</Filter>
    </ClCompile>
    <ClCompile Include="source\**\*.cpp">
      <Filter>source</Filter>
    </ClCompile>
    <ClCompile Include="source\**\*.cpp">
      <Filter>source</Filter>
    </ClCompile>
    <ClCompile Include="source\**\*.cpp">
      <Filter>source</Filter>
    </ClCompile>
    <ClCompile Include="source\**\*.cpp">
      <Filter>source</Filter>
    </ClCompile>
    <ClCompile Include="source\**\*.cpp">
      <Filter>source</Filter>
    </ClCompile>
    <ClCompile Include="source\**\*.cpp">
      <Filter>source</Filter>
    </ClCompile>
    <ClCompile Include="source\**\*.cpp">
      <Filter>source</Filter>
    </ClCompile>
    <ClCompile Include="source\**\*.cpp">
      <Filter>source</Filter>
    </ClCompile>
    <ClCompile Include="source\**\*.cpp">
      <Filter>source</Filter>
    </ClCompile>
    <ClCompile Include="source\**\*.cpp">
      <Filter>source</Filter>
    </ClCompile>
    <ClCompile Include="source\**\*.cpp">
      <Filter>source</Filter>
    </ClCompile>
    <ClCompile Include="source\**\*.cpp">
      <Filter>source</Filter>
    </ClCompile>
    <ClCompile Include="source\**\*.cpp">
      <Filter>source</Filter>
    </ClCompile>
    <ClCompile Include="source\**\*.cpp">
      <Filter>source</Filter>
    </ClCompile>
    <ClCompile Include="source\**\*.cpp">
      <Filter>source</Filter>
    </ClCompile>
    <ClCompile Include="source\**\*.cpp">
      <Filter>source</Filter>
    </ClCompile>
    <ClCompile Include="source\**\*.cpp">
      <Filter>source</Filter>
    </ClCompile>
    <ClCompile Include="source\**\*.cpp">
      <Filter>source</Filter>
    </ClCompile>
    <ClCompile Include="source\**\*.cpp">
      <Filter>source</Filter>
    </ClCompile>
    <ClCompile Include="source\**\*.cpp">
      <Filter>source</Filter>
    </ClCompile>
    <ClCompile Include="source\**\*.cpp">
      <Filter>source</Filter>
    </ClCompile>
    <ClCompile Include="source\**\*.cpp">
      <Filter>source</Filter>
    </ClCompile>
    <ClCompile Include="source\**\*.cpp">
      <Filter>source</Filter>
    </ClCompile>
    <ClCompile Include="source\**\*.cpp">
      <Filter>source</Filter>
    </ClCompile>
    <ClCompile Include="source\**\*.cpp">
      <Filter>source</Filter>
    </ClCompile>
    <ClCompile Include="source\**\*.cpp">
      <Filter>source</Filter>
    </ClCompile>
    <ClCompile Include="source\**\*.cpp">
      <Filter>source</Filter>
    </ClCompile>
    <ClCompile Include="source\**\*.cpp">
      <Filter>source</Filter>
    </ClCompile>
    <ClCompile Include="source\**\*.cpp">
      <Filter>source</Filter>
    </ClCompile>
    <ClCompile Include="source\**\*.cpp">
      <Filter>source</Filter>
    </ClCompile>
    <ClCompile Include="source\**\*.cpp">
      <Filter>source</Filter>
    </ClCompile>
    <ClCompile Include="source\**\*.cpp">
      <Filter>source</Filter>
    </ClCompile>
    <ClCompile Include="source\**\*.cpp">
      <Filter>source</Filter>
    </ClCompile>
    <ClCompile Include="source\**\*.cpp">
      <Filter>source</Filter>
    </ClCompile>
    <ClCompile Include="source\**\*.cpp">
      <Filter>source</Filter>
    </ClCompile>
    <ClCompile Include="source\**\*.cpp">
      <Filter>source</Filter>
    </ClCompile>
    <ClCompile Include="source\**\*.cpp">
      <Filter>source</Filter>
    </ClCompile>
    <ClCompile Include="source\**\*.cpp">
      <Filter>source</Filter>
    </ClCompile>
    <ClCompile Include="source\**\*.cpp">
      <Filter>source</Filter>
    </ClCompile>
    <ClCompile Include="source\**\*.cpp">
      <Filter>source</Filter>
    </ClCompile>
    <ClCompile Include="source\**\*.cpp">
      <Filter>source</Filter>
    </ClCompile>
    <ClCompile Include="source\**\*.cpp">
      <Filter>source</Filter>
    </ClCompile>
    <ClCompile Include="source\**\*.cpp">
      <Filter>source</Filter>
    </ClCompile>
    <ClCompile Include="source\**\*.cpp">
      <Filter>source</Filter>
    </ClCompile>
    <ClCompile Include="source\**\*.cpp">
      <Filter>source</Filter>
    </ClCompile>
    <ClCompile Include="source\**\*.cpp">
      <Filter>source</Filter>
    </ClCompile>
    <ClCompile Include="source\**\*.c">
      <Filter>source</Filter>
    </ClCompile>
    <ClCompile Include="source\**\*.c">
      <Filter>source</Filter>
    </ClCompile>
    <ClCompile Include="source\**\*.c">
      <Filter>source</Filter>
    </ClCompile>
    <ClCompile Include="source\**\*.c">
      <Filter>source</Filter>
    </ClCompile>
    <ClCompile Include="source\**\*.c">
      <Filter>source</Filter>
    </ClCompile>
    <ClCompile Include="source\**\*.c">
      <Filter>source</Filter>
    </ClCompile>
    <ClCompile Include="source\**\*.c">
      <Filter>source</Filter>
    </ClCompile>
    <ClCompile Include="source\**\*.c">
      <Filter>source</Filter>
    </ClCompile>
    <ClCompile Include="source\**\*.cpp">
      <Filter>source</Filter>
    </ClCompile>
    <ClCompile Include="source\**\*.cpp">
      <Filter>source</Filter>
    </ClCompile>
    <ClCompile Include="source\**\*.cpp">
      <Filter>source</Filter>
    </ClCompile>
    <ClCompile Include="source\**\*.cpp">
      <Filter>source</Filter>
    </ClCompile>
    <ClCompile Include="source\**\*.cpp">
      <Filter>source</Filter>
    </ClCompile>
    <ClCompile Include="source\**\*.cpp">
      <Filter>source</Filter>
    </ClCompile>
    <ClCompile Include="source\**\*.cpp">
      <Filter>source</Filter>
    </ClCompile>
    <ClCompile Include="source\**\*.cpp">
      <Filter>source</Filter>
    </ClCompile>
    <ClCompile Include="source\**\*.cpp">
      <Filter>source</Filter>
    </ClCompile>
    <ClCompile Include="source\**\*.cpp">
      <Filter>source</Filter>
    </ClCompile>
    <ClCompile Include="source\**\*.cpp">
      <Filter>source</Filter>
    </ClCompile>
    <ClCompile Include="source\**\*.cpp">
      <Filter>source</Filter>
    </ClCompile>
    <ClCompile Include="source\**\*.cpp">
      <Filter>source</Filter>
    </ClCompile>
    <ClCompile Include="source\**\*.cpp">
      <Filter>source</Filter>
    </ClCompile>
    <ClCompile Include="source\**\*.cpp">
      <Filter>source</Filter>
    </ClCompile>
    <ClCompile Include="source\**\*.cpp">
      <Filter>source</Filter>
    </ClCompile>
    <ClCompile Include="source\**\*.cpp">
      <Filter>source</Filter>
    </ClCompile>
    <ClCompile Include="source\**\*.cpp">
      <Filter>source</Filter>
    </ClCompile>
    <ClCompile Include="source\**\*.cpp">
      <Filter>source</Filter>
    </ClCompile>
    <ClCompile Include="source\**\*.cpp">
      <Filter>source</Filter>
    </ClCompile>
    <ClCompile Include="source\**\*.cpp">
      <Filter>source</Filter>
    </ClCompile>
    <ClCompile Include="source\**\*.cpp">
      <Filter>source</Filter>
    </ClCompile>
    <ClCompile Include="source\**\*.cpp">
      <Filter>source</Filter>
    </ClCompile>
    <ClCompile Include="source\**\*.cpp">
      <Filter>source</Filter>
    </ClCompile>
    <ClCompile Include="source\**\*.cpp">
      <Filter>source</Filter>
    </ClCompile>
    <ClCompile Include="source\**\*.cpp">
      <Filter>source</Filter>
    </ClCompile>
    <ClCompile Include="source\**\*.cpp">
      <Filter>source</Filter>
    </ClCompile>
    <ClCompile Include="source\**\*.cpp">
      <Filter>source</Filter>
    </ClCompile>
    <ClCompile Include="source\**\*.cpp">
      <Filter>source</Filter>
    </ClCompile>
    <ClCompile Include="source\**\*.cpp">
      <Filter>source</Filter>
    </ClCompile>
    <ClCompile Include="source\**\*.cpp">
      <Filter>source</Filter>
    </ClCompile>
    <ClCompile Include="source\**\*.cpp">
      <Filter>source</Filter>
    </ClCompile>
    <ClCompile Include="source\**\*.cpp">
      <Filter>source</Filter>
    </ClCompile>
    <ClCompile Include="source\**\*.cpp">
      <Filter>source</Filter>
    </ClCompile>
    <ClCompile Include="source\**\*.cpp">
      <Filter>source</Filter>
    </ClCompile>
    <ClCompile Include="source\**\*.cpp">
      <Filter>source</Filter>
    </ClCompile>
    <ClCompile Include="source\**\*.cpp">
      <Filter>source</Filter>
    </ClCompile>
    <ClCompile Include="source\**\*.cpp">
      <Filter>source</Filter>
    </ClCompile>
    <ClCompile Include="source\**\*.cpp">
      <Filter>source</Filter>
    </ClCompile>
    <ClCompile Include="source\**\*.cpp">
      <Filter>source</Filter>
    </ClCompile>
    <ClCompile Include="source\**\*.cpp">
      <Filter>source</Filter>
    </ClCompile>
    <ClCompile Include="source\**\*.cpp">
      <Filter>source</Filter>
    </ClCompile>
    <ClCompile Include="source\**\*.cpp">
      <Filter>source</Filter>
    </ClCompile>
    <ClCompile Include="source\**\*.cpp">
      <Filter>source</Filter>
    </ClCompile>
    <ClCompile Include="source\**\*.cpp">
      <Filter>source</Filter>
    </ClCompile>
    <ClCompile Include="source\**\*.cpp">
      <Filter>source</Filter>
    </ClCompile>
    <ClCompile Include="source\**\*.cpp">
      <Filter>source</Filter>
    </ClCompile>
    <ClCompile Include="source\**\*.cpp">
      <Filter>source</Filter>
    </ClCompile>
    <ClCompile Include="source\**\*.cpp">
      <Filter>source</Filter>
    </ClCompile>
    <ClCompile Include="source\**\*.cpp">
      <Filter>source</Filter>
    </ClCompile>
    <ClCompile Include="source\**\*.cpp">
      <Filter>source</Filter>
    </ClCompile>
    <ClCompile Include="source\**\*.cpp">
      <Filter>source</Filter>
    </ClCompile>
    <ClCompile Include="source\**\*.cpp">
      <Filter>source</Filter>
    </ClCompile>
    <ClCompile Include="source\**\*.cpp">
      <Filter>source</Filter>
    </ClCompile>
    <ClCompile Include="source\**\*.cpp">
      <Filter>source</Filter>
    </ClCompile>
    <ClCompile Include="source\**\*.cpp">
      <Filter>source</Filter>
    </ClCompile>
    <ClCompile Include="source\**\*.cpp">
      <Filter>source</Filter>
    </ClCompile>
    <ClCompile Include="source\**\*.cpp">
      <Filter>source</Filter>
    </ClCompile>
    <ClCompile Include="source\**\*.cpp">
      <Filter>source</Filter>
    </ClCompile>
    <ClCompile Include="source\**\*.cpp">
      <Filter>source</Filter>
    </ClCompile>
    <ClCompile Include="source\**\*.cpp">
      <Filter>source</Filter>
    </ClCompile>
    <ClCompile Include="source\**\*.cpp">
      <Filter>source</Filter>
    </ClCompile>
    <ClCompile Include="source\**\*.cpp">
      <Filter>source</Filter>
    </ClCompile>
    <ClCompile Include="source\**\*.cpp">
      <Filter>source</Filter>
    </ClCompile>
    <ClCompile Include="source\**\*.cpp">
      <Filter>source</Filter>
    </ClCompile>
    <ClCompile Include="source\**\*.cpp">
      <Filter>source</Filter>
    </ClCompile>
    <ClCompile Include="source\**\*.cpp">
      <Filter>source</Filter>
    </ClCompile>
    <ClCompile Include="source\**\*.cpp">
      <Filter>source</Filter>
    </ClCompile>
    <ClCompile Include="source\**\*.cpp">
      <Filter>source</Filter>
    </ClCompile>
    <ClCompile Include="source\**\*.cpp">
      <Filter>source</Filter>
    </ClCompile>
    <ClCompile Include="source\**\*.cpp">
      <Filter>source</Filter>
    </ClCompile>
    <ClCompile Include="source\**\*.cpp">
      <Filter>source</Filter>
    </ClCompile>
    <ClCompile Include="source\**\*.cpp">
      <Filter>source</Filter>
    </ClCompile>
    <ClCompile Include="source\**\*.cpp">
      <Filter>source</Filter>
    </ClCompile>
    <ClCompile Include="source\**\*.cpp">
      <Filter>source</Filter>
    </ClCompile>
    <ClCompile Include="source\**\*.cpp">
      <Filter>source</Filter>
    </ClCompile>
    <ClCompile Include="source\**\*.cpp">
      <Filter>source</Filter>
    </ClCompile>
    <ClCompile Include="source\**\*.cpp">
      <Filter>source</Filter>
    </ClCompile>
    <ClCompile Include="source\**\*.cpp">
      <Filter>source</Filter>
    </ClCompile>
    <ClCompile Include="source\**\*.cpp">
      <Filter>source</Filter>
    </ClCompile>
    <ClCompile Include="source\**\*.cpp">
      <Filter>source</Filter>
    </ClCompile>
    <ClCompile Include="source\**\*.cpp">
      <Filter>source</Filter>
    </ClCompile>
    <ClCompile Include="source\**\*.cpp">
      <Filter>source</Filter>
    </ClCompile>
    <ClCompile Include="source\**\*.cpp">
      <Filter>source</Filter>
    </ClCompile>
    <ClCompile Include="source\**\*.cpp">
      <Filter>source</Filter>
    </ClCompile>
    <ClCompile Include="source\**\*.cpp">
      <Filter>source</Filter>
    </ClCompile>
    <ClCompile Include="source\**\*.cpp">
      <Filter>source</Filter>
    </ClCompile>
    <ClCompile Include="source\**\*.cpp">
      <Filter>source</Filter>
    </ClCompile>
    <ClCompile Include="source\**\*.cpp">
      <Filter>source</Filter>
    </ClCompile>
    <ClCompile Include="source\**\*.cpp">
      <Filter>source</Filter>
    </ClCompile>
    <ClCompile Include="source\**\*.cpp">
      <Filter>source</Filter>
    </ClCompile>
    <ClCompile Include="source\**\*.cpp">
      <Filter>source</Filter>
    </ClCompile>
    <ClCompile Include="source\**\*.cpp">
      <Filter>source</Filter>
    </ClCompile>
    <ClCompile Include="source\**\*.cpp">
      <Filter>source</Filter>
    </ClCompile>
    <ClCompile Include="source\**\*.cpp">
      <Filter>source</Filter>
    </ClCompile>
    <ClCompile Include="source\**\*.cpp">
      <Filter>source</Filter>
    </ClCompile>
    <ClCompile Include="source\**\*.cpp">
      <Filter>source</Filter>
    </ClCompile>
    <ClCompile Include="source\**\*.cpp">
      <Filter>source</Filter>
    </ClCompile>
    <ClCompile Include="source\**\*.cpp">
      <Filter>source</Filter>
    </ClCompile>
    <ClCompile Include="source\**\*.cpp">
      <Filter>source</Filter>
    </ClCompile>
    <ClCompile Include="source\**\*.cpp">
      <Filter>source</Filter>
    </ClCompile>
    <ClCompile Include="source\**\*.cpp">
      <Filter>source</Filter>
    </ClCompile>
    <ClCompile Include="source\**\*.cpp">
      <Filter>source</Filter>
    </ClCompile>
    <ClCompile Include="source\**\*.c">
      <Filter>source</Filter>
    </ClCompile>
    <ClCompile Include="source\**\*.c">
      <Filter>source</Filter>
    </ClCompile>
    <ClCompile Include="source\**\*.c">
      <Filter>source</Filter>
    </ClCompile>
    <ClCompile Include="source\**\*.c">
      <Filter>source</Filter>
    </ClCompile>
    <ClCompile Include="source\**\*.c">
      <Filter>source</Filter>
    </ClCompile>
    <ClCompile Include="source\**\*.c">
      <Filter>source</Filter>
    </ClCompile>
    <ClCompile Include="source\**\*.c">
      <Filter>source</Filter>
    </ClCompile>
    <ClCompile Include="source\**\*.c">
      <Filter>source</Filter>
    </ClCompile>
    <ClCompile Include="source\**\*.cpp">
      <Filter>source</Filter>
    </ClCompile>
    <ClCompile Include="source\**\*.cpp">
      <Filter>source</Filter>
    </ClCompile>
    <ClCompile Include="source\**\*.cpp">
      <Filter>source</Filter>
    </ClCompile>
    <ClCompile Include="source\**\*.cpp">
      <Filter>source</Filter>
    </ClCompile>
    <ClCompile Include="source\**\*.cpp">
      <Filter>source</Filter>
    </ClCompile>
    <ClCompile Include="source\**\*.cpp">
      <Filter>source</Filter>
    </ClCompile>
    <ClCompile Include="source\**\*.cpp">
      <Filter>source</Filter>
    </ClCompile>
    <ClCompile Include="source\**\*.cpp">
      <Filter>source</Filter>
    </ClCompile>
    <ClCompile Include="source\**\*.cpp">
      <Filter>source</Filter>
    </ClCompile>
    <ClCompile Include="source\**\*.cpp">
      <Filter>source</Filter>
    </ClCompile>
    <ClCompile Include="source\**\*.cpp">
      <Filter>source</Filter>
    </ClCompile>
    <ClCompile Include="source\**\*.cpp">
      <Filter>source</Filter>
    </ClCompile>
    <ClCompile Include="source\**\*.cpp">
      <Filter>source</Filter>
    </ClCompile>
    <ClCompile Include="source\**\*.cpp">
      <Filter>source</Filter>
    </ClCompile>
    <ClCompile Include="source\**\*.cpp">
      <Filter>source</Filter>
    </ClCompile>
    <ClCompile Include="source\**\*.cpp">
      <Filter>source</Filter>
    </ClCompile>
    <ClCompile Include="source\**\*.cpp">
      <Filter>source</Filter>
    </ClCompile>
    <ClCompile Include="source\**\*.cpp">
      <Filter>source</Filter>
    </ClCompile>
    <ClCompile Include="source\**\*.cpp">
      <Filter>source</Filter>
    </ClCompile>
    <ClCompile Include="source\**\*.cpp">
      <Filter>source</Filter>
    </ClCompile>
    <ClCompile Include="source\**\*.cpp">
      <Filter>source</Filter>
    </ClCompile>
    <ClCompile Include="source\**\*.cpp">
      <Filter>source</Filter>
    </ClCompile>
    <ClCompile Include="source\**\*.cpp">
      <Filter>source</Filter>
    </ClCompile>
    <ClCompile Include="source\**\*.cpp">
      <Filter>source</Filter>
    </ClCompile>
    <ClCompile Include="source\**\*.cpp">
      <Filter>source</Filter>
    </ClCompile>
    <ClCompile Include="source\**\*.cpp">
      <Filter>source</Filter>
    </ClCompile>
    <ClCompile Include="source\**\*.cpp">
      <Filter>source</Filter>
    </ClCompile>
    <ClCompile Include="source\**\*.cpp">
      <Filter>source</Filter>
    </ClCompile>
    <ClCompile Include="source\**\*.cpp">
      <Filter>source</Filter>
    </ClCompile>
    <ClCompile Include="source\**\*.cpp">
      <Filter>source</Filter>
    </ClCompile>
    <ClCompile Include="source\**\*.cpp">
      <Filter>source</Filter>
    </ClCompile>
    <ClCompile Include="source\**\*.cpp">
      <Filter>source</Filter>
    </ClCompile>
    <ClCompile Include="source\**\*.cpp">
      <Filter>source</Filter>
    </ClCompile>
    <ClCompile Include="source\**\*.cpp">
      <Filter>source</Filter>
    </ClCompile>
    <ClCompile Include="source\**\*.cpp">
      <Filter>source</Filter>
    </ClCompile>
    <ClCompile Include="source\**\*.cpp">
      <Filter>source</Filter>
    </ClCompile>
    <ClCompile Include="source\**\*.cpp">
      <Filter>source</Filter>
    </ClCompile>
    <ClCompile Include="source\**\*.cpp">
      <Filter>source</Filter>
    </ClCompile>
    <ClCompile Include="source\**\*.cpp">
      <Filter>source</Filter>
    </ClCompile>
    <ClCompile Include="source\**\*.cpp">
      <Filter>source</Filter>
    </ClCompile>
    <ClCompile Include="source\**\*.cpp">
      <Filter>source</Filter>
    </ClCompile>
    <ClCompile Include="source\**\*.cpp">
      <Filter>source</Filter>
    </ClCompile>
    <ClCompile Include="source\**\*.cpp">
      <Filter>source</Filter>
    </ClCompile>
    <ClCompile Include="source\**\*.cpp">
      <Filter>source</Filter>
    </ClCompile>
    <ClCompile Include="source\**\*.cpp">
      <Filter>source</Filter>
    </ClCompile>
    <ClCompile Include="source\**\*.cpp">
      <Filter>source</Filter>
    </ClCompile>
    <ClCompile Include="source\**\*.cpp">
      <Filter>source</Filter>
    </ClCompile>
    <ClCompile Include="source\**\*.cpp">
      <Filter>source</Filter>
    </ClCompile>
    <ClCompile Include="source\**\*.cpp">
      <Filter>source</Filter>
    </ClCompile>
    <ClCompile Include="source\**\*.cpp">
      <Filter>source</Filter>
    </ClCompile>
    <ClCompile Include="source\**\*.cpp">
      <Filter>source</Filter>
    </ClCompile>
    <ClCompile Include="source\**\*.cpp">
      <Filter>source</Filter>
    </ClCompile>
    <ClCompile Include="source\**\*.cpp">
      <Filter>source</Filter>
    </ClCompile>
    <ClCompile Include="source\**\*.cpp">
      <Filter>source</Filter>
    </ClCompile>
    <ClCompile Include="source\**\*.cpp">
      <Filter>source</Filter>
    </ClCompile>
    <ClCompile Include="source\**\*.cpp">
      <Filter>source</Filter>
    </ClCompile>
    <ClCompile Include="source\**\*.cpp">
      <Filter>source</Filter>
    </ClCompile>
    <ClCompile Include="source\**\*.cpp">
      <Filter>source</Filter>
    </ClCompile>
    <ClCompile Include="source\**\*.cpp">
      <Filter>source</Filter>
    </ClCompile>
    <ClCompile Include="source\**\*.cpp">
      <Filter>source</Filter>
    </ClCompile>
    <ClCompile Include="source\**\*.cpp">
      <Filter>source</Filter>
    </ClCompile>
    <ClCompile Include="source\**\*.cpp">
      <Filter>source</Filter>
    </ClCompile>
    <ClCompile Include="source\**\*.cpp">
      <Filter>source</Filter>
    </ClCompile>
    <ClCompile Include="source\**\*.cpp">
      <Filter>source</Filter>
    </ClCompile>
    <ClCompile Include="source\**\*.cpp">
      <Filter>source</Filter>
    </ClCompile>
    <ClCompile Include="source\**\*.cpp">
      <Filter>source</Filter>
    </ClCompile>
    <ClCompile Include="source\**\*.cpp">
      <Filter>source</Filter>
    </ClCompile>
    <ClCompile Include="source\**\*.cpp">
      <Filter>source</Filter>
    </ClCompile>
    <ClCompile Include="source\**\*.cpp">
      <Filter>source</Filter>
    </ClCompile>
    <ClCompile Include="source\**\*.cpp">
      <Filter>source</Filter>
    </ClCompile>
    <ClCompile Include="source\**\*.cpp">
      <Filter>source</Filter>
    </ClCompile>
    <ClCompile Include="source\**\*.cpp">
      <Filter>source</Filter>
    </ClCompile>
    <ClCompile Include="source\**\*.cpp">
      <Filter>source</Filter>
    </ClCompile>
    <ClCompile Include="source\**\*.cpp">
      <Filter>source</Filter>
    </ClCompile>
    <ClCompile Include="source\**\*.cpp">
      <Filter>source</Filter>
    </ClCompile>
    <ClCompile Include="source\**\*.cpp">
      <Filter>source</Filter>
    </ClCompile>
    <ClCompile Include="source\**\*.cpp">
      <Filter>source</Filter>
    </ClCompile>
    <ClCompile Include="source\**\*.cpp">
      <Filter>source</Filter>
    </ClCompile>
    <ClCompile Include="source\**\*.cpp">
      <Filter>source</Filter>
    </ClCompile>
    <ClCompile Include="source\**\*.cpp">
      <Filter>source</Filter>
    </ClCompile>
    <ClCompile Include="source\**\*.cpp">
      <Filter>source</Filter>
    </ClCompile>
    <ClCompile Include="source\**\*.cpp">
      <Filter>source</Filter>
    </ClCompile>
    <ClCompile Include="source\**\*.cpp">
      <Filter>source</Filter>
    </ClCompile>
    <ClCompile Include="source\**\*.cpp">
      <Filter>source</Filter>
    </ClCompile>
    <ClCompile Include="source\**\*.cpp">
      <Filter>source</Filter>
    </ClCompile>
    <ClCompile Include="source\**\*.cpp">
      <Filter>source</Filter>
    </ClCompile>
    <ClCompile Include="source\**\*.cpp">
      <Filter>source</Filter>
    </ClCompile>
    <ClCompile Include="source\**\*.cpp">
      <Filter>source</Filter>
    </ClCompile>
    <ClCompile Include="source\**\*.cpp">
      <Filter>source</Filter>
    </ClCompile>
    <ClCompile Include="source\**\*.cpp">
      <Filter>source</Filter>
    </ClCompile>
    <ClCompile Include="source\**\*.cpp">
      <Filter>source</Filter>
    </ClCompile>
    <ClCompile Include="source\**\*.cpp">
      <Filter>source</Filter>
    </ClCompile>
    <ClCompile Include="source\**\*.cpp">
      <Filter>source</Filter>
    </ClCompile>
    <ClCompile Include="source\**\*.cpp">
      <Filter>source</Filter>
    </ClCompile>
    <ClCompile Include="source\**\*.cpp">
      <Filter>source</Filter>
    </ClCompile>
    <ClCompile Include="source\**\*.cpp">
      <Filter>source</Filter>
    </ClCompile>
    <ClCompile Include="source\**\*.cpp">
      <Filter>source</Filter>
    </ClCompile>
    <ClCompile Include="source\**\*.cpp">
      <Filter>source</Filter>
    </ClCompile>
    <ClCompile Include="source\**\*.cpp">
      <Filter>source</Filter>
    </ClCompile>
    <ClCompile Include="source\**\*.cpp">
      <Filter>source</Filter>
    </ClCompile>
    <ClCompile Include="source\**\*.cpp">
      <Filter>source</Filter>
    </ClCompile>
    <ClCompile Include="source\**\*.cpp">
      <Filter>source</Filter>
    </ClCompile>
    <ClCompile Include="source\**\*.cpp">
      <Filter>source</Filter>
    </ClCompile>
    <ClCompile Include="source\**\*.c">
      <Filter>source</Filter>
    </ClCompile>
    <ClCompile Include="source\**\*.c">
      <Filter>source</Filter>
    </ClCompile>
    <ClCompile Include="source\**\*.c">
      <Filter>source</Filter>
    </ClCompile>
    <ClCompile Include="source\**\*.c">
      <Filter>source</Filter>
    </ClCompile>
    <ClCompile Include="source\**\*.c">
      <Filter>source</Filter>
    </ClCompile>
    <ClCompile Include="source\**\*.c">
      <Filter>source</Filter>
    </ClCompile>
    <ClCompile Include="source\**\*.c">
      <Filter>source</Filter>
    </ClCompile>
    <ClCompile Include="source\**\*.c">
      <Filter>source</Filter>
    </ClCompile>
  </ItemGroup>
  <ItemGroup>
    <ClInclude Include="source\include\backend.h" />
    <ClInclude Include="source\include\codegen.h" />
    <ClInclude Include="source\include\defs.h" />
    <ClInclude Include="source\include\errors.h" />
    <ClInclude Include="source\include\frontend.h" />
    <ClInclude Include="source\include\gluecode.h" />
    <ClInclude Include="source\include\ir\block.h" />
    <ClInclude Include="source\include\ir\constant.h" />
    <ClInclude Include="source\include\ir\function.h" />
    <ClInclude Include="source\include\ir\identifier.h" />
    <ClInclude Include="source\include\ir\instruction.h" />
    <ClInclude Include="source\include\ir\irbuilder.h" />
    <ClInclude Include="source\include\ir\module.h" />
    <ClInclude Include="source\include\ir\type.h" />
    <ClInclude Include="source\include\ir\value.h" />
    <ClInclude Include="source\include\lexer.h" />
    <ClInclude Include="source\include\parser.h" />
    <ClInclude Include="source\include\parser_internal.h" />
    <ClInclude Include="source\include\platform.h" />
    <ClInclude Include="source\include\precompile.h" />
    <ClInclude Include="source\include\profiling.h" />
    <ClInclude Include="source\include\pts.h" />
    <ClInclude Include="source\include\sst.h" />
    <ClInclude Include="source\include\sst_expr.h" />
    <ClInclude Include="source\include\stcommon.h" />
    <ClInclude Include="source\include\typecheck.h" />
    <ClInclude Include="source\include\**\*.h" />
    <ClInclude Include="source\include\**\*.h" />
    <ClInclude Include="source\include\**\*.h" />
    <ClInclude Include="source\include\**\*.h" />
    <ClInclude Include="source\include\**\*.h" />
    <ClInclude Include="source\include\**\*.h" />
    <ClInclude Include="source\include\**\*.h" />
    <ClInclude Include="source\include\**\*.h" />
    <ClInclude Include="source\include\**\*.h" />
    <ClInclude Include="source\include\**\*.h" />
    <ClInclude Include="source\include\**\*.h" />
    <ClInclude Include="source\include\**\*.h" />
    <ClInclude Include="source\include\**\*.h" />
    <ClInclude Include="source\include\**\*.h" />
    <ClInclude Include="source\include\**\*.h" />
    <ClInclude Include="source\include\**\*.h" />
    <ClInclude Include="source\include\**\*.h" />
    <ClInclude Include="source\include\**\*.h" />
    <ClInclude Include="source\include\**\*.h" />
    <ClInclude Include="source\include\**\*.h" />
    <ClInclude Include="source\include\**\*.h" />
    <ClInclude Include="source\include\**\*.h" />
    <ClInclude Include="source\include\**\*.h" />
    <ClInclude Include="source\include\**\*.h" />
    <ClInclude Include="source\external\**\*.h" />
    <ClInclude Include="source\external\**\*.h" />
    <ClInclude Include="source\external\**\*.h" />
    <ClInclude Include="source\external\**\*.h" />
    <ClInclude Include="source\external\**\*.h" />
    <ClInclude Include="source\external\**\*.h" />
    <ClInclude Include="source\external\**\*.h" />
    <ClInclude Include="source\external\**\*.h" />
    <ClInclude Include="source\external\**\*.h" />
    <ClInclude Include="source\external\**\*.h" />
    <ClInclude Include="source\external\**\*.h" />
    <ClInclude Include="source\external\**\*.h" />
    <ClInclude Include="source\external\**\*.h" />
    <ClInclude Include="source\external\**\*.hpp" />
    <ClInclude Include="source\include\**\*.h" />
    <ClInclude Include="source\include\**\*.h" />
    <ClInclude Include="source\include\**\*.h" />
    <ClInclude Include="source\include\**\*.h" />
    <ClInclude Include="source\include\**\*.h" />
    <ClInclude Include="source\include\**\*.h" />
    <ClInclude Include="source\include\**\*.h" />
    <ClInclude Include="source\include\**\*.h" />
    <ClInclude Include="source\include\**\*.h" />
    <ClInclude Include="source\include\**\*.h" />
    <ClInclude Include="source\include\**\*.h" />
    <ClInclude Include="source\include\**\*.h" />
    <ClInclude Include="source\include\**\*.h" />
    <ClInclude Include="source\include\**\*.h" />
    <ClInclude Include="source\include\**\*.h" />
    <ClInclude Include="source\include\**\*.h" />
    <ClInclude Include="source\include\**\*.h" />
    <ClInclude Include="source\include\**\*.h" />
    <ClInclude Include="source\include\**\*.h" />
    <ClInclude Include="source\include\**\*.h" />
    <ClInclude Include="source\include\**\*.h" />
    <ClInclude Include="source\include\**\*.h" />
    <ClInclude Include="source\include\**\*.h" />
    <ClInclude Include="source\include\**\*.h" />
    <ClInclude Include="source\include\**\*.h" />
    <ClInclude Include="source\external\**\*.h" />
    <ClInclude Include="source\external\**\*.h" />
    <ClInclude Include="source\external\**\*.h" />
    <ClInclude Include="source\external\**\*.h" />
    <ClInclude Include="source\external\**\*.h" />
    <ClInclude Include="source\external\**\*.h" />
    <ClInclude Include="source\external\**\*.h" />
    <ClInclude Include="source\external\**\*.h" />
    <ClInclude Include="source\external\**\*.h" />
    <ClInclude Include="source\external\**\*.h" />
    <ClInclude Include="source\external\**\*.h" />
    <ClInclude Include="source\external\**\*.h" />
    <ClInclude Include="source\include\**\*.h" />
    <ClInclude Include="source\include\**\*.h" />
    <ClInclude Include="source\include\**\*.h" />
    <ClInclude Include="source\include\**\*.h" />
    <ClInclude Include="source\include\**\*.h" />
    <ClInclude Include="source\include\**\*.h" />
    <ClInclude Include="source\include\**\*.h" />
    <ClInclude Include="source\include\**\*.h" />
    <ClInclude Include="source\include\**\*.h" />
    <ClInclude Include="source\include\**\*.h" />
    <ClInclude Include="source\include\**\*.h" />
    <ClInclude Include="source\include\**\*.h" />
    <ClInclude Include="source\include\**\*.h" />
    <ClInclude Include="source\include\**\*.h" />
    <ClInclude Include="source\include\**\*.h" />
    <ClInclude Include="source\include\**\*.h" />
    <ClInclude Include="source\include\**\*.h" />
    <ClInclude Include="source\include\**\*.h" />
    <ClInclude Include="source\include\**\*.h" />
    <ClInclude Include="source\include\**\*.h" />
    <ClInclude Include="source\include\**\*.h" />
    <ClInclude Include="source\include\**\*.h" />
    <ClInclude Include="source\include\**\*.h" />
    <ClInclude Include="source\include\**\*.h" />
    <ClInclude Include="source\include\**\*.h" />
    <ClInclude Include="source\external\**\*.h" />
    <ClInclude Include="source\external\**\*.h" />
    <ClInclude Include="source\external\**\*.h" />
    <ClInclude Include="source\external\**\*.h" />
    <ClInclude Include="source\external\**\*.h" />
    <ClInclude Include="source\external\**\*.h" />
    <ClInclude Include="source\external\**\*.h" />
    <ClInclude Include="source\external\**\*.h" />
    <ClInclude Include="source\external\**\*.h" />
    <ClInclude Include="source\external\**\*.h" />
    <ClInclude Include="source\external\**\*.h" />
    <ClInclude Include="source\external\**\*.h" />
    <ClInclude Include="source\include\**\*.h" />
    <ClInclude Include="source\include\**\*.h" />
    <ClInclude Include="source\include\**\*.h" />
    <ClInclude Include="source\include\**\*.h" />
    <ClInclude Include="source\include\**\*.h" />
    <ClInclude Include="source\include\**\*.h" />
    <ClInclude Include="source\include\**\*.h" />
    <ClInclude Include="source\include\**\*.h" />
    <ClInclude Include="source\include\**\*.h" />
    <ClInclude Include="source\include\**\*.h" />
    <ClInclude Include="source\include\**\*.h" />
    <ClInclude Include="source\include\**\*.h" />
    <ClInclude Include="source\include\**\*.h" />
    <ClInclude Include="source\include\**\*.h" />
    <ClInclude Include="source\include\**\*.h" />
    <ClInclude Include="source\include\**\*.h" />
    <ClInclude Include="source\include\**\*.h" />
    <ClInclude Include="source\include\**\*.h" />
    <ClInclude Include="source\include\**\*.h" />
    <ClInclude Include="source\include\**\*.h" />
    <ClInclude Include="source\include\**\*.h" />
    <ClInclude Include="source\include\**\*.h" />
    <ClInclude Include="source\include\**\*.h" />
    <ClInclude Include="source\include\**\*.h" />
    <ClInclude Include="source\include\**\*.h" />
    <ClInclude Include="source\external\**\*.h" />
    <ClInclude Include="source\external\**\*.h" />
    <ClInclude Include="source\external\**\*.h" />
    <ClInclude Include="source\external\**\*.h" />
    <ClInclude Include="source\external\**\*.h" />
    <ClInclude Include="source\external\**\*.h" />
    <ClInclude Include="source\external\**\*.h" />
    <ClInclude Include="source\external\**\*.h" />
    <ClInclude Include="source\external\**\*.h" />
    <ClInclude Include="source\external\**\*.h" />
    <ClInclude Include="source\external\**\*.h" />
    <ClInclude Include="source\external\**\*.h" />
    <ClInclude Include="source\include\*.h" />
    <ClInclude Include="source\include\*.h" />
    <ClInclude Include="source\include\*.h" />
    <ClInclude Include="source\include\*.h" />
    <ClInclude Include="source\include\*.h" />
    <ClInclude Include="source\include\*.h" />
    <ClInclude Include="source\include\*.h" />
    <ClInclude Include="source\include\*.h" />
    <ClInclude Include="source\include\*.h" />
    <ClInclude Include="source\include\*.h" />
    <ClInclude Include="source\include\*.h" />
    <ClInclude Include="source\include\*.h" />
    <ClInclude Include="source\include\*.h" />
    <ClInclude Include="source\include\*.h" />
    <ClInclude Include="source\include\*.h" />
    <ClInclude Include="source\include\*.h" />
    <ClInclude Include="source\include\*.h" />
    <ClInclude Include="source\include\*.h" />
    <ClInclude Include="source\include\ir\*.h" />
    <ClInclude Include="source\include\ir\*.h" />
    <ClInclude Include="source\include\ir\*.h" />
    <ClInclude Include="source\include\ir\*.h" />
    <ClInclude Include="source\include\ir\*.h" />
    <ClInclude Include="source\include\ir\*.h" />
    <ClInclude Include="source\include\ir\*.h" />
    <ClInclude Include="source\include\ir\*.h" />
    <ClInclude Include="source\include\ir\*.h" />
    <ClInclude Include="source\external\**\*.h" />
    <ClInclude Include="source\external\**\*.h" />
    <ClInclude Include="source\external\**\*.h" />
    <ClInclude Include="source\external\**\*.h" />
    <ClInclude Include="source\external\**\*.h" />
    <ClInclude Include="source\external\**\*.h" />
    <ClInclude Include="source\external\**\*.h" />
    <ClInclude Include="source\external\**\*.h" />
    <ClInclude Include="source\external\**\*.h" />
    <ClInclude Include="source\external\**\*.h" />
    <ClInclude Include="source\external\**\*.h" />
    <ClInclude Include="source\external\**\*.h" />
    <ClInclude Include="source\include\*.h" />
    <ClInclude Include="source\include\*.h" />
    <ClInclude Include="source\include\*.h" />
    <ClInclude Include="source\include\*.h" />
    <ClInclude Include="source\include\*.h" />
    <ClInclude Include="source\include\*.h" />
    <ClInclude Include="source\include\*.h" />
    <ClInclude Include="source\include\*.h" />
    <ClInclude Include="source\include\*.h" />
    <ClInclude Include="source\include\*.h" />
    <ClInclude Include="source\include\*.h" />
    <ClInclude Include="source\include\*.h" />
    <ClInclude Include="source\include\*.h" />
    <ClInclude Include="source\include\*.h" />
    <ClInclude Include="source\include\*.h" />
    <ClInclude Include="source\include\*.h" />
    <ClInclude Include="source\include\*.h" />
    <ClInclude Include="source\include\ir\*.h" />
    <ClInclude Include="source\include\ir\*.h" />
    <ClInclude Include="source\include\ir\*.h" />
    <ClInclude Include="source\include\ir\*.h" />
    <ClInclude Include="source\include\ir\*.h" />
    <ClInclude Include="source\include\ir\*.h" />
    <ClInclude Include="source\include\ir\*.h" />
    <ClInclude Include="source\include\ir\*.h" />
    <ClInclude Include="source\external\**\*.h" />
    <ClInclude Include="source\external\**\*.h" />
    <ClInclude Include="source\external\**\*.h" />
    <ClInclude Include="source\external\**\*.h" />
    <ClInclude Include="source\external\**\*.h" />
    <ClInclude Include="source\external\**\*.h" />
    <ClInclude Include="source\external\**\*.h" />
    <ClInclude Include="source\external\**\*.h" />
    <ClInclude Include="source\external\**\*.h" />
    <ClInclude Include="source\external\**\*.h" />
    <ClInclude Include="source\external\**\*.h" />
    <ClInclude Include="source\external\**\*.h" />
  </ItemGroup>
  <ItemGroup>
    <None Include="source\external\tinyprocesslib\process_unix.inc">
      <Filter>source\external\tinyprocesslib</Filter>
    </None>
    <None Include="source\external\tinyprocesslib\process_win.inc">
      <Filter>source\external\tinyprocesslib</Filter>
    </None>
    <None Include="build\supertiny.flx">
      <Filter>build</Filter>
    </None>
    <None Include="build\tester.flx">
      <Filter>build</Filter>
    </None>
  </ItemGroup>
</Project>